{
  "object": {
    "pins": [
      {
        "package": "SwiftShell",
        "repositoryURL": "https://github.com/kareman/SwiftShell.git",
        "state": {
          "branch": null,
          "revision": "433f28116691a1f19863990924e800e40d5d590c",
          "version": "3.0.1"
        }
      }
    ]
  },
  "version": 1
}
